{
  "name": "study-weinre",
  "version": "1.0.0",
  "lockfileVersion": 1,
  "requires": true,
  "dependencies": {
    "abbrev": {
      "version": "1.1.1",
      "resolved": "https://registry.npmjs.org/abbrev/-/abbrev-1.1.1.tgz",
      "integrity": "sha512-nne9/IiQ/hzIhY6pdDnbBtz7DjPTKrY00P/zvPSm5pOFkl6xuGrGnXn/VtTNNfNtAfZ9/1RtehkszU9qcTii0Q==",
      "dev": true
    },
    "connect": {
      "version": "1.9.2",
      "resolved": "https://registry.npmjs.org/connect/-/connect-1.9.2.tgz",
      "integrity": "sha1-QogKIulDiuWait105Df1iujlKAc=",
      "dev": true,
      "requires": {
        "formidable": "1.0.17",
        "mime": "1.2.4",
        "qs": "0.4.2"
      }
    },
    "express": {
      "version": "2.5.11",
      "resolved": "https://registry.npmjs.org/express/-/express-2.5.11.tgz",
      "integrity": "sha1-TOjqHzY15p5J8Ou0l7aksKUc5vA=",
      "dev": true,
      "requires": {
        "connect": "1.9.2",
        "mime": "1.2.4",
        "mkdirp": "0.3.0",
        "qs": "0.4.2"
      }
    },
    "formidable": {
      "version": "1.0.17",
      "resolved": "https://registry.npmjs.org/formidable/-/formidable-1.0.17.tgz",
      "integrity": "sha1-71SRSQ+UM7cF+qdyScmQKa40hVk=",
      "dev": true
    },
    "mime": {
      "version": "1.2.4",
      "resolved": "https://registry.npmjs.org/mime/-/mime-1.2.4.tgz",
      "integrity": "sha1-EbX9rynCUJJVF2uArVIClPXekrc=",
      "dev": true
    },
    "mkdirp": {
      "version": "0.3.0",
      "resolved": "https://registry.npmjs.org/mkdirp/-/mkdirp-0.3.0.tgz",
      "integrity": "sha1-G79asbqCevI1dRQ0kEJkVfSB/h4=",
      "dev": true
    },
    "nopt": {
      "version": "3.0.6",
      "resolved": "https://registry.npmjs.org/nopt/-/nopt-3.0.6.tgz",
      "integrity": "sha1-xkZdvwirzU2zWTF/eaxopkayj/k=",
      "dev": true,
      "requires": {
        "abbrev": "1.1.1"
      }
    },
    "qs": {
      "version": "0.4.2",
      "resolved": "https://registry.npmjs.org/qs/-/qs-0.4.2.tgz",
      "integrity": "sha1-PKxMhh43GoycR3CsI82o3mObjl8=",
      "dev": true
    },
    "underscore": {
      "version": "1.7.0",
      "resolved": "https://registry.npmjs.org/underscore/-/underscore-1.7.0.tgz",
      "integrity": "sha1-a7rwh3UA02vjTsqlhODbn+8DUgk=",
      "dev": true
    },
    "weinre": {
      "version": "2.0.0-pre-I0Z7U9OV",
      "resolved": "https://registry.npmjs.org/weinre/-/weinre-2.0.0-pre-I0Z7U9OV.tgz",
      "integrity": "sha1-/viqIjkh97QLu71MPtQwL2/QqBM=",
      "dev": true,
      "requires": {
        "express": "2.5.11",
        "nopt": "3.0.6",
        "underscore": "1.7.0"
      }
    }
  }
}
